<?xml version="1.0" encoding="UTF-8" standalone="yes" ?>
<CodeBlocks_project_file>
	<FileVersion major="1" minor="6" />
	<Project>
		<Option title="OpenTextProjector" />
		<Option makefile_is_custom="1" />
		<Option compiler="gcc" />
		<Option virtualFolders="CMake Files/" />
		<Build>
			<Target title="all">
				<Option output="OpenTextProjector.exe" prefix_auto="0" extension_auto="0" />
				<Option working_dir="" />
				<Option object_output="D:/Software/Some other projects/C-Projects/OpenTextProjector/.objs" />
				<Option type="1" />
				<Option compiler="gcc" />
				<MakeCommands>
					<Build command='make.exe -f &quot;Makefile&quot;  VERBOSE=1 all' />
					<CompileFile command='make.exe -f &quot;Makefile&quot;  VERBOSE=1 &quot;$file&quot;' />
					<Clean command='make.exe -f &quot;Makefile&quot;  VERBOSE=1 clean' />
					<DistClean command='make.exe -f &quot;Makefile&quot;  VERBOSE=1 clean' />
					<AskRebuildNeeded command="$make -q -f $makefile $target" />
					<SilentBuild command="$make -f $makefile $target &gt; $(CMD_NULL)" />
				</MakeCommands>
			</Target>
			<Target title="OpenTextProjector">
				<Option output="OpenTextProjector.exe" prefix_auto="0" extension_auto="0" />
				<Option working_dir="./" />
				<Option object_output="./" />
				<Option type="1" />
				<Option compiler="gcc" />
				<Compiler>
					<Add directory="./" />
					<Add directory="./includes/groupsock/include" />
					<Add directory="./includes/UsageEnvironment/include" />
					<Add directory="./includes" />
					<Add directory="./libraries" />
					<Add directory="./tools" />
				</Compiler>
				<MakeCommands>
					<Build command='make.exe -f &quot;Makefile&quot;  VERBOSE=1 OpenTextProjector' />
					<CompileFile command='make.exe -f &quot;Makefile&quot;  VERBOSE=1 &quot;$file&quot;' />
					<Clean command='make.exe -f &quot;Makefile&quot;  VERBOSE=1 clean' />
					<DistClean command='make.exe -f &quot;Makefile&quot;  VERBOSE=1 clean' />
					<AskRebuildNeeded command="$make -q -f $makefile $target" />
					<SilentBuild command="$make -f $makefile $target &gt; $(CMD_NULL)" />
				</MakeCommands>
			</Target>
			<Target title="OpenTextProjector/fast">
				<Option output=".OpenTextProjector.exe" prefix_auto="0" extension_auto="0" />
				<Option object_output="./" />
				<Option type="1" />
				<Option compiler="gcc" />
				<Compiler>
					<Add directory="./" />
					<Add directory="./includes/groupsock/include" />
					<Add directory="./includes/UsageEnvironment/include" />
					<Add directory="./includes" />
					<Add directory="./libraries" />
					<Add directory="./tools" />
				</Compiler>
				<MakeCommands>
					<Build command='make.exe -f &quot;Makefile&quot;  VERBOSE=1 OpenTextProjector/fast' />
					<CompileFile command='make.exe -f &quot;Makefile&quot;  VERBOSE=1 &quot;$file&quot;' />
					<Clean command='make.exe -f &quot;Makefile&quot;  VERBOSE=1 clean' />
					<DistClean command='make.exe -f &quot;Makefile&quot;  VERBOSE=1 clean' />
					<AskRebuildNeeded command="$make -q -f $makefile $target" />
					<SilentBuild command="$make -f $makefile $target &gt; $(CMD_NULL)" />
				</MakeCommands>
			</Target>
			<Target title="edit_cache">
				<Option type="4" />
				<Option compiler="gcc" />
				<MakeCommands>
					<Build command='make.exe -f &quot;Makefile&quot;  VERBOSE=1 edit_cache' />
					<CompileFile command='make.exe -f &quot;Makefile&quot;  VERBOSE=1 &quot;$file&quot;' />
					<Clean command='make.exe -f &quot;Makefile&quot;  VERBOSE=1 clean' />
					<DistClean command='make.exe -f &quot;Makefile&quot;  VERBOSE=1 clean' />
					<AskRebuildNeeded command="$make -q -f $makefile $target" />
					<SilentBuild command="$make -f $makefile $target &gt; $(CMD_NULL)" />
				</MakeCommands>
			</Target>
			<Target title="rebuild_cache">
				<Option type="4" />
				<Option compiler="gcc" />
				<MakeCommands>
					<Build command='make.exe -f &quot;Makefile&quot;  VERBOSE=1 rebuild_cache' />
					<CompileFile command='make.exe -f &quot;Makefile&quot;  VERBOSE=1 &quot;$file&quot;' />
					<Clean command='make.exe -f &quot;Makefile&quot;  VERBOSE=1 clean' />
					<DistClean command='make.exe -f &quot;Makefile&quot;  VERBOSE=1 clean' />
					<AskRebuildNeeded command="$make -q -f $makefile $target" />
					<SilentBuild command="$make -f $makefile $target &gt; $(CMD_NULL)" />
				</MakeCommands>
			</Target>
		</Build>
		<Unit filename="CMakeLists.txt">
			<Option virtualFolder="CMake Files/" />
		</Unit>
		<Unit filename="main.cpp">
			<Option target="OpenTextProjector" />
		</Unit>
		<Unit filename="main.h">
			<Option target="OpenTextProjector" />
		</Unit>
		<Unit filename="tools/RTSPServer.hpp">
			<Option target="OpenTextProjector" />
		</Unit>
		<Unit filename="tools/ScreenSource.hpp">
			<Option target="OpenTextProjector" />
		</Unit>
		<Unit filename="tools/base64.cpp">
			<Option target="OpenTextProjector" />
		</Unit>
		<Unit filename="tools/base64.h">
			<Option target="OpenTextProjector" />
		</Unit>
		<Unit filename="tools/concurrent_queue.hpp">
			<Option target="OpenTextProjector" />
		</Unit>
		<Unit filename="tools/encoder.hpp">
			<Option target="OpenTextProjector" />
		</Unit>
		<Unit filename="tools/tinythread.cpp">
			<Option target="OpenTextProjector" />
		</Unit>
		<Unit filename="tools/tinythread.h">
			<Option target="OpenTextProjector" />
		</Unit>
		<Extensions>
			<lib_finder disable_auto="1" />
		</Extensions>
	</Project>
</CodeBlocks_project_file>
