<?xml version="1.0" encoding="UTF-8" standalone="yes" ?>
<CodeBlocks_project_file>
	<FileVersion major="1" minor="6" />
	<Project>
		<Option title="OpenTextProjector" />
		<Option pch_mode="2" />
		<Option compiler="gcc" />
		<Build>
			<Target title="Debug">
				<Option output="bin/Debug/OpenTextProjector" prefix_auto="1" extension_auto="1" />
				<Option object_output="obj/Debug/" />
				<Option type="1" />
				<Option compiler="gcc" />
				<Compiler>
					<Add option="-g" />
					<Add directory="include" />
				</Compiler>
			</Target>
			<Target title="Release">
				<Option output="bin/Release/OpenTextProjector" prefix_auto="1" extension_auto="1" />
				<Option object_output="obj/Release/" />
				<Option type="1" />
				<Option compiler="gcc" />
				<Compiler>
					<Add option="-O2" />
					<Add directory="include" />
				</Compiler>
				<Linker>
					<Add option="-s" />
				</Linker>
			</Target>
		</Build>
		<Compiler>
			<Add option="-Wall" />
			<Add option="-D__STDC_CONSTANT_MACROS" />
			<Add directory="includes/GLFW" />
			<Add directory="includes/asio" />
			<Add directory="includes/libavutil" />
			<Add directory="includes/libavcodec" />
			<Add directory="includes/libavformat" />
			<Add directory="includes/libswscale" />
			<Add directory="includes/groupsock/include" />
			<Add directory="includes/UsageEnvironment/include" />
			<Add directory="includes/BasicUsageEnvironment/include" />
			<Add directory="includes/libswresample" />
			<Add directory="includes/GL" />
			<Add directory="includes/glm" />
			<Add directory="includes/freetype" />
			<Add directory="includes/liveMedia/include" />
		</Compiler>
		<Linker>
			<Add library="opengl32" />
			<Add library="glu32" />
			<Add library="winmm" />
			<Add library="gdi32" />
			<Add library="libraries/libglfw3.a" />
			<Add library="libraries/libglfw3dll.a" />
			<Add library="libraries/libopengl32.a" />
			<Add library="libraries/libglew32.a" />
			<Add library="libraries/libglew32.dll.a" />
			<Add library="libraries/libswscale.dll.a" />
			<Add library="libraries/libavutil.dll.a" />
			<Add library="libraries/libavcodec.dll.a" />
			<Add library="libraries/libfreetype.dll.a" />
			<Add library="libraries/libfreetype.a" />
			<Add library="libraries/libliveMedia.a" />
			<Add library="libraries/libgroupsock.a" />
			<Add library="libraries/libBasicUsageEnvironment.a" />
			<Add library="libraries/libUsageEnvironment.a" />
			<Add library="ws2_32" />
			<Add library="ssl" />
			<Add library="crypto" />
		</Linker>
		<Unit filename="ScreenSource.cpp" />
		<Unit filename="ScreenSource.hh" />
		<Unit filename="libraries/base64.cpp" />
		<Unit filename="libraries/base64.h" />
		<Unit filename="libraries/fast_mutex.h" />
		<Unit filename="libraries/json.hpp" />
		<Unit filename="libraries/tinythread.cpp" />
		<Unit filename="libraries/tinythread.h" />
		<Unit filename="main.cpp" />
		<Unit filename="main.h" />
		<Extensions />
	</Project>
</CodeBlocks_project_file>
