<?xml version="1.0" encoding="UTF-8" standalone="yes" ?>
<CodeBlocks_project_file>
	<FileVersion major="1" minor="6" />
	<Project>
		<Option title="OpenTextProjector" />
		<Option pch_mode="2" />
		<Option compiler="gcc" />
		<Build>
			<Target title="Debug">
				<Option output="bin/Debug/OpenTextProjector" prefix_auto="1" extension_auto="1" />
				<Option object_output="obj/Debug/" />
				<Option type="1" />
				<Option compiler="gcc" />
				<Compiler>
					<Add option="-g" />
				</Compiler>
				<Linker>
					<Add library="opengl32" />
					<Add library="glu32" />
					<Add library="winmm" />
					<Add library="gdi32" />
					<Add library="libraries/libglfw3.a" />
					<Add library="libraries/libglfw3dll.a" />
					<Add library="libraries/libopengl32.a" />
				</Linker>
			</Target>
			<Target title="Release">
				<Option output="bin/Release/OpenTextProjector" prefix_auto="1" extension_auto="1" />
				<Option object_output="obj/Release/" />
				<Option type="1" />
				<Option compiler="gcc" />
				<Compiler>
					<Add option="-O2" />
				</Compiler>
				<Linker>
					<Add option="-s" />
					<Add library="opengl32" />
					<Add library="glu32" />
					<Add library="winmm" />
					<Add library="gdi32" />
					<Add library="libraries/libglfw3.a" />
					<Add library="libraries/libglfw3dll.a" />
					<Add library="libraries/libopengl32.a" />
				</Linker>
			</Target>
		</Build>
		<Compiler>
			<Add option="-Wall" />
			<Add directory="includes/MinGW" />
			<Add directory="includes/GLFW" />
			<Add directory="includes/freetype" />
			<Add directory="includes/asio" />
		</Compiler>
		<Linker>
			<Add library="opengl32" />
			<Add library="glu32" />
			<Add library="winmm" />
			<Add library="gdi32" />
			<Add library="libraries/libglfw3.a" />
			<Add library="libraries/libglfw3dll.a" />
			<Add library="libraries/libopengl32.a" />
			<Add library="libraries/glew32s.lib" />
			<Add library="libraries/glew32.lib" />
			<Add library="libraries/freetype.lib" />
			<Add library="ws2_32" />
		</Linker>
		<Unit filename="libraries/base64.cpp" />
		<Unit filename="libraries/base64.h" />
		<Unit filename="libraries/fast_mutex.h" />
		<Unit filename="libraries/json.hpp" />
		<Unit filename="libraries/tinythread.cpp" />
		<Unit filename="libraries/tinythread.h" />
		<Unit filename="main.cpp" />
		<Unit filename="main.h" />
		<Extensions />
	</Project>
</CodeBlocks_project_file>
